
Microsoft Visual Studio Solution File, Format Version 12.00
# Visual Studio Version 16
VisualStudioVersion = 16.0.29806.167
MinimumVisualStudioVersion = 10.0.40219.1
Project("{FAE04EC0-301F-11D3-BF4B-00C04F79EFBC}") = "CasCadingDropDown", "CasCadingDropDown\CasCadingDropDown.csproj", "{E8B3F957-6E9E-452B-BD62-A70BA15A1913}"
EndProject
Global
	GlobalSection(SolutionConfigurationPlatforms) = preSolution
		Debug|Any CPU = Debug|Any CPU
		Release|Any CPU = Release|Any CPU
	EndGlobalSection
	GlobalSection(ProjectConfigurationPlatforms) = postSolution
		{E8B3F957-6E9E-452B-BD62-A70BA15A1913}.Debug|Any CPU.ActiveCfg = Debug|Any CPU
		{E8B3F957-6E9E-452B-BD62-A70BA15A1913}.Debug|Any CPU.Build.0 = Debug|Any CPU
		{E8B3F957-6E9E-452B-BD62-A70BA15A1913}.Release|Any CPU.ActiveCfg = Release|Any CPU
		{E8B3F957-6E9E-452B-BD62-A70BA15A1913}.Release|Any CPU.Build.0 = Release|Any CPU
	EndGlobalSection
	GlobalSection(SolutionProperties) = preSolution
		HideSolutionNode = FALSE
	EndGlobalSection
	GlobalSection(ExtensibilityGlobals) = postSolution
		SolutionGuid = {A06F3A48-C318-4260-99E9-66053833B579}
	EndGlobalSection
EndGlobal
